
Microsoft Visual Studio Solution File, Format Version 12.00
# Visual Studio 15
VisualStudioVersion = 15.0.28307.572
MinimumVisualStudioVersion = 10.0.40219.1
Project("{9A19103F-16F7-4668-BE54-9A1E7A4F7556}") = "OdeToFood", "OdeToFood\OdeToFood.csproj", "{EDA40A3C-0D3D-41B5-A23E-D80A3DD15A3A}"
EndProject
Project("{9A19103F-16F7-4668-BE54-9A1E7A4F7556}") = "OdeToFood.Core", "OdeToFood.Core\OdeToFood.Core.csproj", "{B74DE067-E678-4FE2-8FCC-8817BC0CCA97}"
EndProject
Project("{9A19103F-16F7-4668-BE54-9A1E7A4F7556}") = "OdeToFood.Data", "OdeToFood.Data\OdeToFood.Data.csproj", "{3B338B9D-B253-4CB6-8060-ADD805721583}"
EndProject
Global
	GlobalSection(SolutionConfigurationPlatforms) = preSolution
		Debug|Any CPU = Debug|Any CPU
		Release|Any CPU = Release|Any CPU
	EndGlobalSection
	GlobalSection(ProjectConfigurationPlatforms) = postSolution
		{EDA40A3C-0D3D-41B5-A23E-D80A3DD15A3A}.Debug|Any CPU.ActiveCfg = Debug|Any CPU
		{EDA40A3C-0D3D-41B5-A23E-D80A3DD15A3A}.Debug|Any CPU.Build.0 = Debug|Any CPU
		{EDA40A3C-0D3D-41B5-A23E-D80A3DD15A3A}.Release|Any CPU.ActiveCfg = Release|Any CPU
		{EDA40A3C-0D3D-41B5-A23E-D80A3DD15A3A}.Release|Any CPU.Build.0 = Release|Any CPU
		{B74DE067-E678-4FE2-8FCC-8817BC0CCA97}.Debug|Any CPU.ActiveCfg = Debug|Any CPU
		{B74DE067-E678-4FE2-8FCC-8817BC0CCA97}.Debug|Any CPU.Build.0 = Debug|Any CPU
		{B74DE067-E678-4FE2-8FCC-8817BC0CCA97}.Release|Any CPU.ActiveCfg = Release|Any CPU
		{B74DE067-E678-4FE2-8FCC-8817BC0CCA97}.Release|Any CPU.Build.0 = Release|Any CPU
		{3B338B9D-B253-4CB6-8060-ADD805721583}.Debug|Any CPU.ActiveCfg = Debug|Any CPU
		{3B338B9D-B253-4CB6-8060-ADD805721583}.Debug|Any CPU.Build.0 = Debug|Any CPU
		{3B338B9D-B253-4CB6-8060-ADD805721583}.Release|Any CPU.ActiveCfg = Release|Any CPU
		{3B338B9D-B253-4CB6-8060-ADD805721583}.Release|Any CPU.Build.0 = Release|Any CPU
	EndGlobalSection
	GlobalSection(SolutionProperties) = preSolution
		HideSolutionNode = FALSE
	EndGlobalSection
	GlobalSection(ExtensibilityGlobals) = postSolution
		SolutionGuid = {7E6D8110-9F13-47DA-8785-BD2E47867311}
	EndGlobalSection
EndGlobal
